
Microsoft Visual Studio Solution File, Format Version 12.00
Project("{2150E333-8FDC-42A3-9474-1A3956D46DE8}") = "src", "src", "{17304807-0E31-4C64-ABC5-D2693CF6CE47}"
EndProject
Project("{2150E333-8FDC-42A3-9474-1A3956D46DE8}") = "services", "services", "{7F4BD30A-89D0-4819-BA01-EB2A163213AF}"
EndProject
Project("{2150E333-8FDC-42A3-9474-1A3956D46DE8}") = "TaskServices", "TaskServices", "{F7AFC444-70AD-4EEA-9BD7-CC5D437ABEB1}"
EndProject
Project("{2150E333-8FDC-42A3-9474-1A3956D46DE8}") = "Tasks.Cmd", "Tasks.Cmd", "{CB517F33-7ACC-47CB-A94F-42C449621E22}"
EndProject
Project("{2150E333-8FDC-42A3-9474-1A3956D46DE8}") = "Tasks.Query", "Tasks.Query", "{94360951-958A-4687-B9B1-38C502411C71}"
EndProject
Project("{FAE04EC0-301F-11D3-BF4B-00C04F79EFBC}") = "Tasks.Cmd.Api", "src\services\TasksServices\Tasks.Cmd\Tasks.Cmd.Api\Tasks.Cmd.Api.csproj", "{B3F14343-3887-432C-8A7F-73A41768DF50}"
EndProject
Project("{FAE04EC0-301F-11D3-BF4B-00C04F79EFBC}") = "Tasks.Cmd.Domain", "src\services\TasksServices\Tasks.Cmd\Tasks.Cmd.Domain\Tasks.Cmd.Domain.csproj", "{8D3FF666-A7BC-4F90-8F32-28C321225891}"
EndProject
Project("{FAE04EC0-301F-11D3-BF4B-00C04F79EFBC}") = "Tasks.Cmd.Application", "src\services\TasksServices\Tasks.Cmd\Tasks.Cmd.Application\Tasks.Cmd.Application.csproj", "{2E15F14A-740B-468D-9C0B-68BBEEBE815E}"
EndProject
Project("{FAE04EC0-301F-11D3-BF4B-00C04F79EFBC}") = "Tasks.Common", "src\services\TasksServices\Tasks.Common\Tasks.Common.csproj", "{9E330D0F-B1B0-4A00-A069-27E112779DAF}"
EndProject
Project("{2150E333-8FDC-42A3-9474-1A3956D46DE8}") = "Solution Items", "Solution Items", "{E7CE8E4B-E90E-469B-9578-3C12785A2923}"
	ProjectSection(SolutionItems) = preProject
		docker-compose.yml = docker-compose.yml
		docker-compose.override.yml = docker-compose.override.yml
	EndProjectSection
EndProject
Project("{FAE04EC0-301F-11D3-BF4B-00C04F79EFBC}") = "Tasks.Query.Api", "src\services\TasksServices\Tasks.Query\Tasks.Query.Api\Tasks.Query.Api.csproj", "{7048FD52-07D8-43F4-912D-7759BFE1D6B8}"
EndProject
Project("{FAE04EC0-301F-11D3-BF4B-00C04F79EFBC}") = "Tasks.Query.Application", "src\services\TasksServices\Tasks.Query\Tasks.Query.Application\Tasks.Query.Application.csproj", "{47373A60-F22E-4B40-85C0-688FDCCA199B}"
EndProject
Project("{FAE04EC0-301F-11D3-BF4B-00C04F79EFBC}") = "Tasks.Query.Domain", "src\services\TasksServices\Tasks.Query\Tasks.Query.Domain\Tasks.Query.Domain.csproj", "{A090EBA5-60F5-44B2-B3D6-BF94FB3097A2}"
EndProject
Project("{FAE04EC0-301F-11D3-BF4B-00C04F79EFBC}") = "Tasks.Query.Infrastructure", "src\services\TasksServices\Tasks.Query\Tasks.Query.Infrastructure\Tasks.Query.Infrastructure.csproj", "{9A6D9DE9-8709-4161-BCE8-5CEB9A37158D}"
EndProject
Project("{2150E333-8FDC-42A3-9474-1A3956D46DE8}") = "BuildingBlocks", "BuildingBlocks", "{18160064-729F-446D-9950-ED56716E855A}"
EndProject
Project("{FAE04EC0-301F-11D3-BF4B-00C04F79EFBC}") = "EventBus.Messages", "src\BuildingBlocks\EventBus.Messages\EventBus.Messages.csproj", "{F9F89D46-062E-4226-94D3-0D1514C9C171}"
EndProject
Project("{2150E333-8FDC-42A3-9474-1A3956D46DE8}") = "GroupsServices", "GroupsServices", "{E2E0F09B-DD70-401A-B422-68300ED08F23}"
EndProject
Project("{2150E333-8FDC-42A3-9474-1A3956D46DE8}") = "Groups.Cmd", "Groups.Cmd", "{7EF37605-460B-407A-8185-326EE013757E}"
EndProject
Project("{2150E333-8FDC-42A3-9474-1A3956D46DE8}") = "Groups.Query", "Groups.Query", "{ECEDE234-D383-490A-9F87-96BBD806E63C}"
EndProject
Project("{FAE04EC0-301F-11D3-BF4B-00C04F79EFBC}") = "Group.Common", "src\services\GroupServices\Group.Common\Group.Common.csproj", "{4A76155D-DECB-46AC-B9A3-B5657EA3DC9A}"
EndProject
Project("{FAE04EC0-301F-11D3-BF4B-00C04F79EFBC}") = "Groups.Cmd.Api", "src\services\GroupServices\Groups.Cmd\Groups.Cmd.Api\Groups.Cmd.Api.csproj", "{A5447A33-CB19-41B9-A665-BD5B7A4C6730}"
EndProject
Project("{FAE04EC0-301F-11D3-BF4B-00C04F79EFBC}") = "Groups.Cmd.Application", "src\services\GroupServices\Groups.Cmd\Groups.Cmd.Application\Groups.Cmd.Application.csproj", "{F0AC41A8-4B94-4EC6-847C-3E1EEE7CCF80}"
EndProject
Project("{FAE04EC0-301F-11D3-BF4B-00C04F79EFBC}") = "Groups.Cmd.Domain", "src\services\GroupServices\Groups.Cmd\Groups.Cmd.Domain\Groups.Cmd.Domain.csproj", "{72EE95DB-77A4-469D-8159-D00D5D2E2906}"
EndProject
Project("{FAE04EC0-301F-11D3-BF4B-00C04F79EFBC}") = "Groups.Query.Domain", "src\services\GroupServices\Groups.Query\Groups.Query.Domain\Groups.Query.Domain.csproj", "{722BCDD3-32E3-4015-ADEC-5DF3F2C392FD}"
EndProject
Project("{FAE04EC0-301F-11D3-BF4B-00C04F79EFBC}") = "Groups.Query.Infrastructure", "src\services\GroupServices\Groups.Query\Groups.Query.Infrastructure\Groups.Query.Infrastructure.csproj", "{ED8E8616-423E-4509-BF13-B6E85AAF8705}"
EndProject
Project("{FAE04EC0-301F-11D3-BF4B-00C04F79EFBC}") = "Groups.Query.Api", "src\services\GroupServices\Groups.Query\Groups.Query.Api\Groups.Query.Api.csproj", "{6BDCDED6-A7A1-49A3-9FE3-D45FF5526A13}"
EndProject
Project("{FAE04EC0-301F-11D3-BF4B-00C04F79EFBC}") = "Groups.Query.Application", "src\services\GroupServices\Groups.Query\Groups.Query.Application\Groups.Query.Application.csproj", "{0EDD9ECC-F008-4964-AC04-0821A4832AF6}"
EndProject
Project("{2150E333-8FDC-42A3-9474-1A3956D46DE8}") = "IdentityService", "IdentityService", "{B2E5EE95-2133-4FE3-941A-EF5D324EA06A}"
EndProject
Project("{FAE04EC0-301F-11D3-BF4B-00C04F79EFBC}") = "IdentityServer", "src\services\IdentityService\IdentityServer\IdentityServer.csproj", "{C5703920-F2F4-44AA-A506-1CA2CCF37880}"
EndProject
Project("{2150E333-8FDC-42A3-9474-1A3956D46DE8}") = "ApiGateways", "ApiGateways", "{5CAF4E5B-FDDC-4EA1-A387-D0903C3F305F}"
EndProject
Project("{FAE04EC0-301F-11D3-BF4B-00C04F79EFBC}") = "ApiGateway", "src\ApiGateways\ApiGateway\ApiGateway.csproj", "{81428A76-A1FA-4C50-A165-1ED9E3308D28}"
EndProject
Project("{FAE04EC0-301F-11D3-BF4B-00C04F79EFBC}") = "TaskTracker.Aggregators", "src\ApiGateways\TaskTracker.Aggregators\TaskTracker.Aggregators.csproj", "{2F23579C-29B7-4A4F-B433-D3A8A6348AAC}"
EndProject
Project("{2150E333-8FDC-42A3-9474-1A3956D46DE8}") = "Web", "Web", "{C2FA096B-06E6-42D9-AB92-E99641619201}"
EndProject
Project("{FAE04EC0-301F-11D3-BF4B-00C04F79EFBC}") = "WebApp", "src\Web\WebApp\WebApp.csproj", "{FF827B58-61A1-47DF-B670-6DFE52370894}"
EndProject
Project("{FAE04EC0-301F-11D3-BF4B-00C04F79EFBC}") = "WebStatus", "src\Web\WebStatus\WebStatus.csproj", "{12BEB8A7-CC56-4882-BEF6-6B8DCA6931B5}"
EndProject
Project("{FAE04EC0-301F-11D3-BF4B-00C04F79EFBC}") = "Tasks.Cmd.Infrastructure", "src\services\TasksServices\Tasks.Cmd\Tasks.Cmd.Infrastructure\Tasks.Cmd.Infrastructure.csproj", "{69AB656B-CF26-4AC3-A2F3-443739956EBB}"
EndProject
Project("{FAE04EC0-301F-11D3-BF4B-00C04F79EFBC}") = "Groups.Cmd.Infrastructure", "src\services\GroupServices\Groups.Cmd\Groups.Cmd.Infrastructure\Groups.Cmd.Infrastructure.csproj", "{844A0129-5650-40B0-9A79-FE32F7AFAA0D}"
EndProject
Global
	GlobalSection(SolutionConfigurationPlatforms) = preSolution
		Debug|Any CPU = Debug|Any CPU
		Release|Any CPU = Release|Any CPU
	EndGlobalSection
	GlobalSection(NestedProjects) = preSolution
		{7F4BD30A-89D0-4819-BA01-EB2A163213AF} = {17304807-0E31-4C64-ABC5-D2693CF6CE47}
		{F7AFC444-70AD-4EEA-9BD7-CC5D437ABEB1} = {7F4BD30A-89D0-4819-BA01-EB2A163213AF}
		{CB517F33-7ACC-47CB-A94F-42C449621E22} = {F7AFC444-70AD-4EEA-9BD7-CC5D437ABEB1}
		{94360951-958A-4687-B9B1-38C502411C71} = {F7AFC444-70AD-4EEA-9BD7-CC5D437ABEB1}
		{B3F14343-3887-432C-8A7F-73A41768DF50} = {CB517F33-7ACC-47CB-A94F-42C449621E22}
		{8D3FF666-A7BC-4F90-8F32-28C321225891} = {CB517F33-7ACC-47CB-A94F-42C449621E22}
		{2E15F14A-740B-468D-9C0B-68BBEEBE815E} = {CB517F33-7ACC-47CB-A94F-42C449621E22}
		{9E330D0F-B1B0-4A00-A069-27E112779DAF} = {F7AFC444-70AD-4EEA-9BD7-CC5D437ABEB1}
		{7048FD52-07D8-43F4-912D-7759BFE1D6B8} = {94360951-958A-4687-B9B1-38C502411C71}
		{47373A60-F22E-4B40-85C0-688FDCCA199B} = {94360951-958A-4687-B9B1-38C502411C71}
		{A090EBA5-60F5-44B2-B3D6-BF94FB3097A2} = {94360951-958A-4687-B9B1-38C502411C71}
		{9A6D9DE9-8709-4161-BCE8-5CEB9A37158D} = {94360951-958A-4687-B9B1-38C502411C71}
		{18160064-729F-446D-9950-ED56716E855A} = {17304807-0E31-4C64-ABC5-D2693CF6CE47}
		{F9F89D46-062E-4226-94D3-0D1514C9C171} = {18160064-729F-446D-9950-ED56716E855A}
		{E2E0F09B-DD70-401A-B422-68300ED08F23} = {7F4BD30A-89D0-4819-BA01-EB2A163213AF}
		{7EF37605-460B-407A-8185-326EE013757E} = {E2E0F09B-DD70-401A-B422-68300ED08F23}
		{ECEDE234-D383-490A-9F87-96BBD806E63C} = {E2E0F09B-DD70-401A-B422-68300ED08F23}
		{4A76155D-DECB-46AC-B9A3-B5657EA3DC9A} = {E2E0F09B-DD70-401A-B422-68300ED08F23}
		{A5447A33-CB19-41B9-A665-BD5B7A4C6730} = {7EF37605-460B-407A-8185-326EE013757E}
		{F0AC41A8-4B94-4EC6-847C-3E1EEE7CCF80} = {7EF37605-460B-407A-8185-326EE013757E}
		{72EE95DB-77A4-469D-8159-D00D5D2E2906} = {7EF37605-460B-407A-8185-326EE013757E}
		{722BCDD3-32E3-4015-ADEC-5DF3F2C392FD} = {ECEDE234-D383-490A-9F87-96BBD806E63C}
		{ED8E8616-423E-4509-BF13-B6E85AAF8705} = {ECEDE234-D383-490A-9F87-96BBD806E63C}
		{6BDCDED6-A7A1-49A3-9FE3-D45FF5526A13} = {ECEDE234-D383-490A-9F87-96BBD806E63C}
		{0EDD9ECC-F008-4964-AC04-0821A4832AF6} = {ECEDE234-D383-490A-9F87-96BBD806E63C}
		{B2E5EE95-2133-4FE3-941A-EF5D324EA06A} = {7F4BD30A-89D0-4819-BA01-EB2A163213AF}
		{C5703920-F2F4-44AA-A506-1CA2CCF37880} = {B2E5EE95-2133-4FE3-941A-EF5D324EA06A}
		{5CAF4E5B-FDDC-4EA1-A387-D0903C3F305F} = {17304807-0E31-4C64-ABC5-D2693CF6CE47}
		{81428A76-A1FA-4C50-A165-1ED9E3308D28} = {5CAF4E5B-FDDC-4EA1-A387-D0903C3F305F}
		{2F23579C-29B7-4A4F-B433-D3A8A6348AAC} = {5CAF4E5B-FDDC-4EA1-A387-D0903C3F305F}
		{FF827B58-61A1-47DF-B670-6DFE52370894} = {C2FA096B-06E6-42D9-AB92-E99641619201}
		{C2FA096B-06E6-42D9-AB92-E99641619201} = {17304807-0E31-4C64-ABC5-D2693CF6CE47}
		{12BEB8A7-CC56-4882-BEF6-6B8DCA6931B5} = {C2FA096B-06E6-42D9-AB92-E99641619201}
		{69AB656B-CF26-4AC3-A2F3-443739956EBB} = {CB517F33-7ACC-47CB-A94F-42C449621E22}
		{844A0129-5650-40B0-9A79-FE32F7AFAA0D} = {7EF37605-460B-407A-8185-326EE013757E}
	EndGlobalSection
	GlobalSection(ProjectConfigurationPlatforms) = postSolution
		{B3F14343-3887-432C-8A7F-73A41768DF50}.Debug|Any CPU.ActiveCfg = Debug|Any CPU
		{B3F14343-3887-432C-8A7F-73A41768DF50}.Debug|Any CPU.Build.0 = Debug|Any CPU
		{B3F14343-3887-432C-8A7F-73A41768DF50}.Release|Any CPU.ActiveCfg = Release|Any CPU
		{B3F14343-3887-432C-8A7F-73A41768DF50}.Release|Any CPU.Build.0 = Release|Any CPU
		{8D3FF666-A7BC-4F90-8F32-28C321225891}.Debug|Any CPU.ActiveCfg = Debug|Any CPU
		{8D3FF666-A7BC-4F90-8F32-28C321225891}.Debug|Any CPU.Build.0 = Debug|Any CPU
		{8D3FF666-A7BC-4F90-8F32-28C321225891}.Release|Any CPU.ActiveCfg = Release|Any CPU
		{8D3FF666-A7BC-4F90-8F32-28C321225891}.Release|Any CPU.Build.0 = Release|Any CPU
		{2E15F14A-740B-468D-9C0B-68BBEEBE815E}.Debug|Any CPU.ActiveCfg = Debug|Any CPU
		{2E15F14A-740B-468D-9C0B-68BBEEBE815E}.Debug|Any CPU.Build.0 = Debug|Any CPU
		{2E15F14A-740B-468D-9C0B-68BBEEBE815E}.Release|Any CPU.ActiveCfg = Release|Any CPU
		{2E15F14A-740B-468D-9C0B-68BBEEBE815E}.Release|Any CPU.Build.0 = Release|Any CPU
		{9E330D0F-B1B0-4A00-A069-27E112779DAF}.Debug|Any CPU.ActiveCfg = Debug|Any CPU
		{9E330D0F-B1B0-4A00-A069-27E112779DAF}.Debug|Any CPU.Build.0 = Debug|Any CPU
		{9E330D0F-B1B0-4A00-A069-27E112779DAF}.Release|Any CPU.ActiveCfg = Release|Any CPU
		{9E330D0F-B1B0-4A00-A069-27E112779DAF}.Release|Any CPU.Build.0 = Release|Any CPU
		{7048FD52-07D8-43F4-912D-7759BFE1D6B8}.Debug|Any CPU.ActiveCfg = Debug|Any CPU
		{7048FD52-07D8-43F4-912D-7759BFE1D6B8}.Debug|Any CPU.Build.0 = Debug|Any CPU
		{7048FD52-07D8-43F4-912D-7759BFE1D6B8}.Release|Any CPU.ActiveCfg = Release|Any CPU
		{7048FD52-07D8-43F4-912D-7759BFE1D6B8}.Release|Any CPU.Build.0 = Release|Any CPU
		{47373A60-F22E-4B40-85C0-688FDCCA199B}.Debug|Any CPU.ActiveCfg = Debug|Any CPU
		{47373A60-F22E-4B40-85C0-688FDCCA199B}.Debug|Any CPU.Build.0 = Debug|Any CPU
		{47373A60-F22E-4B40-85C0-688FDCCA199B}.Release|Any CPU.ActiveCfg = Release|Any CPU
		{47373A60-F22E-4B40-85C0-688FDCCA199B}.Release|Any CPU.Build.0 = Release|Any CPU
		{A090EBA5-60F5-44B2-B3D6-BF94FB3097A2}.Debug|Any CPU.ActiveCfg = Debug|Any CPU
		{A090EBA5-60F5-44B2-B3D6-BF94FB3097A2}.Debug|Any CPU.Build.0 = Debug|Any CPU
		{A090EBA5-60F5-44B2-B3D6-BF94FB3097A2}.Release|Any CPU.ActiveCfg = Release|Any CPU
		{A090EBA5-60F5-44B2-B3D6-BF94FB3097A2}.Release|Any CPU.Build.0 = Release|Any CPU
		{9A6D9DE9-8709-4161-BCE8-5CEB9A37158D}.Debug|Any CPU.ActiveCfg = Debug|Any CPU
		{9A6D9DE9-8709-4161-BCE8-5CEB9A37158D}.Debug|Any CPU.Build.0 = Debug|Any CPU
		{9A6D9DE9-8709-4161-BCE8-5CEB9A37158D}.Release|Any CPU.ActiveCfg = Release|Any CPU
		{9A6D9DE9-8709-4161-BCE8-5CEB9A37158D}.Release|Any CPU.Build.0 = Release|Any CPU
		{F9F89D46-062E-4226-94D3-0D1514C9C171}.Debug|Any CPU.ActiveCfg = Debug|Any CPU
		{F9F89D46-062E-4226-94D3-0D1514C9C171}.Debug|Any CPU.Build.0 = Debug|Any CPU
		{F9F89D46-062E-4226-94D3-0D1514C9C171}.Release|Any CPU.ActiveCfg = Release|Any CPU
		{F9F89D46-062E-4226-94D3-0D1514C9C171}.Release|Any CPU.Build.0 = Release|Any CPU
		{4A76155D-DECB-46AC-B9A3-B5657EA3DC9A}.Debug|Any CPU.ActiveCfg = Debug|Any CPU
		{4A76155D-DECB-46AC-B9A3-B5657EA3DC9A}.Debug|Any CPU.Build.0 = Debug|Any CPU
		{4A76155D-DECB-46AC-B9A3-B5657EA3DC9A}.Release|Any CPU.ActiveCfg = Release|Any CPU
		{4A76155D-DECB-46AC-B9A3-B5657EA3DC9A}.Release|Any CPU.Build.0 = Release|Any CPU
		{A5447A33-CB19-41B9-A665-BD5B7A4C6730}.Debug|Any CPU.ActiveCfg = Debug|Any CPU
		{A5447A33-CB19-41B9-A665-BD5B7A4C6730}.Debug|Any CPU.Build.0 = Debug|Any CPU
		{A5447A33-CB19-41B9-A665-BD5B7A4C6730}.Release|Any CPU.ActiveCfg = Release|Any CPU
		{A5447A33-CB19-41B9-A665-BD5B7A4C6730}.Release|Any CPU.Build.0 = Release|Any CPU
		{F0AC41A8-4B94-4EC6-847C-3E1EEE7CCF80}.Debug|Any CPU.ActiveCfg = Debug|Any CPU
		{F0AC41A8-4B94-4EC6-847C-3E1EEE7CCF80}.Debug|Any CPU.Build.0 = Debug|Any CPU
		{F0AC41A8-4B94-4EC6-847C-3E1EEE7CCF80}.Release|Any CPU.ActiveCfg = Release|Any CPU
		{F0AC41A8-4B94-4EC6-847C-3E1EEE7CCF80}.Release|Any CPU.Build.0 = Release|Any CPU
		{72EE95DB-77A4-469D-8159-D00D5D2E2906}.Debug|Any CPU.ActiveCfg = Debug|Any CPU
		{72EE95DB-77A4-469D-8159-D00D5D2E2906}.Debug|Any CPU.Build.0 = Debug|Any CPU
		{72EE95DB-77A4-469D-8159-D00D5D2E2906}.Release|Any CPU.ActiveCfg = Release|Any CPU
		{72EE95DB-77A4-469D-8159-D00D5D2E2906}.Release|Any CPU.Build.0 = Release|Any CPU
		{722BCDD3-32E3-4015-ADEC-5DF3F2C392FD}.Debug|Any CPU.ActiveCfg = Debug|Any CPU
		{722BCDD3-32E3-4015-ADEC-5DF3F2C392FD}.Debug|Any CPU.Build.0 = Debug|Any CPU
		{722BCDD3-32E3-4015-ADEC-5DF3F2C392FD}.Release|Any CPU.ActiveCfg = Release|Any CPU
		{722BCDD3-32E3-4015-ADEC-5DF3F2C392FD}.Release|Any CPU.Build.0 = Release|Any CPU
		{ED8E8616-423E-4509-BF13-B6E85AAF8705}.Debug|Any CPU.ActiveCfg = Debug|Any CPU
		{ED8E8616-423E-4509-BF13-B6E85AAF8705}.Debug|Any CPU.Build.0 = Debug|Any CPU
		{ED8E8616-423E-4509-BF13-B6E85AAF8705}.Release|Any CPU.ActiveCfg = Release|Any CPU
		{ED8E8616-423E-4509-BF13-B6E85AAF8705}.Release|Any CPU.Build.0 = Release|Any CPU
		{6BDCDED6-A7A1-49A3-9FE3-D45FF5526A13}.Debug|Any CPU.ActiveCfg = Debug|Any CPU
		{6BDCDED6-A7A1-49A3-9FE3-D45FF5526A13}.Debug|Any CPU.Build.0 = Debug|Any CPU
		{6BDCDED6-A7A1-49A3-9FE3-D45FF5526A13}.Release|Any CPU.ActiveCfg = Release|Any CPU
		{6BDCDED6-A7A1-49A3-9FE3-D45FF5526A13}.Release|Any CPU.Build.0 = Release|Any CPU
		{0EDD9ECC-F008-4964-AC04-0821A4832AF6}.Debug|Any CPU.ActiveCfg = Debug|Any CPU
		{0EDD9ECC-F008-4964-AC04-0821A4832AF6}.Debug|Any CPU.Build.0 = Debug|Any CPU
		{0EDD9ECC-F008-4964-AC04-0821A4832AF6}.Release|Any CPU.ActiveCfg = Release|Any CPU
		{0EDD9ECC-F008-4964-AC04-0821A4832AF6}.Release|Any CPU.Build.0 = Release|Any CPU
		{C5703920-F2F4-44AA-A506-1CA2CCF37880}.Debug|Any CPU.ActiveCfg = Debug|Any CPU
		{C5703920-F2F4-44AA-A506-1CA2CCF37880}.Debug|Any CPU.Build.0 = Debug|Any CPU
		{C5703920-F2F4-44AA-A506-1CA2CCF37880}.Release|Any CPU.ActiveCfg = Release|Any CPU
		{C5703920-F2F4-44AA-A506-1CA2CCF37880}.Release|Any CPU.Build.0 = Release|Any CPU
		{81428A76-A1FA-4C50-A165-1ED9E3308D28}.Debug|Any CPU.ActiveCfg = Debug|Any CPU
		{81428A76-A1FA-4C50-A165-1ED9E3308D28}.Debug|Any CPU.Build.0 = Debug|Any CPU
		{81428A76-A1FA-4C50-A165-1ED9E3308D28}.Release|Any CPU.ActiveCfg = Release|Any CPU
		{81428A76-A1FA-4C50-A165-1ED9E3308D28}.Release|Any CPU.Build.0 = Release|Any CPU
		{2F23579C-29B7-4A4F-B433-D3A8A6348AAC}.Debug|Any CPU.ActiveCfg = Debug|Any CPU
		{2F23579C-29B7-4A4F-B433-D3A8A6348AAC}.Debug|Any CPU.Build.0 = Debug|Any CPU
		{2F23579C-29B7-4A4F-B433-D3A8A6348AAC}.Release|Any CPU.ActiveCfg = Release|Any CPU
		{2F23579C-29B7-4A4F-B433-D3A8A6348AAC}.Release|Any CPU.Build.0 = Release|Any CPU
		{FF827B58-61A1-47DF-B670-6DFE52370894}.Debug|Any CPU.ActiveCfg = Debug|Any CPU
		{FF827B58-61A1-47DF-B670-6DFE52370894}.Debug|Any CPU.Build.0 = Debug|Any CPU
		{FF827B58-61A1-47DF-B670-6DFE52370894}.Release|Any CPU.ActiveCfg = Release|Any CPU
		{FF827B58-61A1-47DF-B670-6DFE52370894}.Release|Any CPU.Build.0 = Release|Any CPU
		{12BEB8A7-CC56-4882-BEF6-6B8DCA6931B5}.Debug|Any CPU.ActiveCfg = Debug|Any CPU
		{12BEB8A7-CC56-4882-BEF6-6B8DCA6931B5}.Debug|Any CPU.Build.0 = Debug|Any CPU
		{12BEB8A7-CC56-4882-BEF6-6B8DCA6931B5}.Release|Any CPU.ActiveCfg = Release|Any CPU
		{12BEB8A7-CC56-4882-BEF6-6B8DCA6931B5}.Release|Any CPU.Build.0 = Release|Any CPU
		{69AB656B-CF26-4AC3-A2F3-443739956EBB}.Debug|Any CPU.ActiveCfg = Debug|Any CPU
		{69AB656B-CF26-4AC3-A2F3-443739956EBB}.Debug|Any CPU.Build.0 = Debug|Any CPU
		{69AB656B-CF26-4AC3-A2F3-443739956EBB}.Release|Any CPU.ActiveCfg = Release|Any CPU
		{69AB656B-CF26-4AC3-A2F3-443739956EBB}.Release|Any CPU.Build.0 = Release|Any CPU
		{844A0129-5650-40B0-9A79-FE32F7AFAA0D}.Debug|Any CPU.ActiveCfg = Debug|Any CPU
		{844A0129-5650-40B0-9A79-FE32F7AFAA0D}.Debug|Any CPU.Build.0 = Debug|Any CPU
		{844A0129-5650-40B0-9A79-FE32F7AFAA0D}.Release|Any CPU.ActiveCfg = Release|Any CPU
		{844A0129-5650-40B0-9A79-FE32F7AFAA0D}.Release|Any CPU.Build.0 = Release|Any CPU
	EndGlobalSection
EndGlobal
